
Microsoft Visual Studio Solution File, Format Version 12.00
# Visual Studio 2013
VisualStudioVersion = 12.0.21005.1
MinimumVisualStudioVersion = 10.0.40219.1
Project("{FAE04EC0-301F-11D3-BF4B-00C04F79EFBC}") = "ShoppingCart", "ShoppingCart\ShoppingCart.csproj", "{43A8AF19-BC08-4C45-8F06-892DF933BBD9}"
EndProject
Project("{FAE04EC0-301F-11D3-BF4B-00C04F79EFBC}") = "JqueryJavascript", "JqueryJavascript\JqueryJavascript.csproj", "{BB29EF78-F8D6-4C25-969D-B260A4385EBE}"
EndProject
Global
	GlobalSection(SolutionConfigurationPlatforms) = preSolution
		Debug|Any CPU = Debug|Any CPU
		Release|Any CPU = Release|Any CPU
	EndGlobalSection
	GlobalSection(ProjectConfigurationPlatforms) = postSolution
		{43A8AF19-BC08-4C45-8F06-892DF933BBD9}.Debug|Any CPU.ActiveCfg = Debug|Any CPU
		{43A8AF19-BC08-4C45-8F06-892DF933BBD9}.Debug|Any CPU.Build.0 = Debug|Any CPU
		{43A8AF19-BC08-4C45-8F06-892DF933BBD9}.Release|Any CPU.ActiveCfg = Release|Any CPU
		{43A8AF19-BC08-4C45-8F06-892DF933BBD9}.Release|Any CPU.Build.0 = Release|Any CPU
		{BB29EF78-F8D6-4C25-969D-B260A4385EBE}.Debug|Any CPU.ActiveCfg = Debug|Any CPU
		{BB29EF78-F8D6-4C25-969D-B260A4385EBE}.Debug|Any CPU.Build.0 = Debug|Any CPU
		{BB29EF78-F8D6-4C25-969D-B260A4385EBE}.Release|Any CPU.ActiveCfg = Release|Any CPU
		{BB29EF78-F8D6-4C25-969D-B260A4385EBE}.Release|Any CPU.Build.0 = Release|Any CPU
	EndGlobalSection
	GlobalSection(SolutionProperties) = preSolution
		HideSolutionNode = FALSE
	EndGlobalSection
EndGlobal
